
Microsoft Visual Studio Solution File, Format Version 12.00
# Visual Studio Version 16
VisualStudioVersion = 16.0.31424.327
MinimumVisualStudioVersion = 10.0.40219.1
Project("{9A19103F-16F7-4668-BE54-9A1E7A4F7556}") = "BusinessLogic", "..\BusinessLogic\BusinessLogic.csproj", "{B1C1146E-BF32-4472-A3B7-C0DDBE8A3416}"
EndProject
Global
	GlobalSection(SolutionConfigurationPlatforms) = preSolution
		Debug|Any CPU = Debug|Any CPU
		Release|Any CPU = Release|Any CPU
	EndGlobalSection
	GlobalSection(ProjectConfigurationPlatforms) = postSolution
		{B1C1146E-BF32-4472-A3B7-C0DDBE8A3416}.Debug|Any CPU.ActiveCfg = Debug|Any CPU
		{B1C1146E-BF32-4472-A3B7-C0DDBE8A3416}.Debug|Any CPU.Build.0 = Debug|Any CPU
		{B1C1146E-BF32-4472-A3B7-C0DDBE8A3416}.Release|Any CPU.ActiveCfg = Release|Any CPU
		{B1C1146E-BF32-4472-A3B7-C0DDBE8A3416}.Release|Any CPU.Build.0 = Release|Any CPU
	EndGlobalSection
	GlobalSection(SolutionProperties) = preSolution
		HideSolutionNode = FALSE
	EndGlobalSection
	GlobalSection(ExtensibilityGlobals) = postSolution
		SolutionGuid = {14C1A0B5-D152-464F-AF1A-81DA08E002DD}
	EndGlobalSection
EndGlobal
