
Microsoft Visual Studio Solution File, Format Version 12.00
# Visual Studio Version 16
VisualStudioVersion = 16.0.31515.178
MinimumVisualStudioVersion = 10.0.40219.1
Project("{9A19103F-16F7-4668-BE54-9A1E7A4F7556}") = "AutoApprovalService", "AutoApprovalService\AutoApprovalService.csproj", "{F6726B02-7C7A-45F5-87D3-6CDC05F24222}"
EndProject
Project("{9A19103F-16F7-4668-BE54-9A1E7A4F7556}") = "RoutingService", "RoutingService\RoutingService.csproj", "{21B975FB-9107-4DF0-92E8-2C40A8D2BF5A}"
EndProject
Project("{9A19103F-16F7-4668-BE54-9A1E7A4F7556}") = "BusinessLogic", "..\..\Sprint2\Initial\ThreeAmigosHealth\BusinessLogic\BusinessLogic.csproj", "{6D5060A0-EA14-4F3E-BB47-3B958DEFB62B}"
EndProject
Global
	GlobalSection(SolutionConfigurationPlatforms) = preSolution
		Debug|Any CPU = Debug|Any CPU
		Release|Any CPU = Release|Any CPU
	EndGlobalSection
	GlobalSection(ProjectConfigurationPlatforms) = postSolution
		{F6726B02-7C7A-45F5-87D3-6CDC05F24222}.Debug|Any CPU.ActiveCfg = Debug|Any CPU
		{F6726B02-7C7A-45F5-87D3-6CDC05F24222}.Debug|Any CPU.Build.0 = Debug|Any CPU
		{F6726B02-7C7A-45F5-87D3-6CDC05F24222}.Release|Any CPU.ActiveCfg = Release|Any CPU
		{F6726B02-7C7A-45F5-87D3-6CDC05F24222}.Release|Any CPU.Build.0 = Release|Any CPU
		{21B975FB-9107-4DF0-92E8-2C40A8D2BF5A}.Debug|Any CPU.ActiveCfg = Debug|Any CPU
		{21B975FB-9107-4DF0-92E8-2C40A8D2BF5A}.Debug|Any CPU.Build.0 = Debug|Any CPU
		{21B975FB-9107-4DF0-92E8-2C40A8D2BF5A}.Release|Any CPU.ActiveCfg = Release|Any CPU
		{21B975FB-9107-4DF0-92E8-2C40A8D2BF5A}.Release|Any CPU.Build.0 = Release|Any CPU
		{6D5060A0-EA14-4F3E-BB47-3B958DEFB62B}.Debug|Any CPU.ActiveCfg = Debug|Any CPU
		{6D5060A0-EA14-4F3E-BB47-3B958DEFB62B}.Debug|Any CPU.Build.0 = Debug|Any CPU
		{6D5060A0-EA14-4F3E-BB47-3B958DEFB62B}.Release|Any CPU.ActiveCfg = Release|Any CPU
		{6D5060A0-EA14-4F3E-BB47-3B958DEFB62B}.Release|Any CPU.Build.0 = Release|Any CPU
	EndGlobalSection
	GlobalSection(SolutionProperties) = preSolution
		HideSolutionNode = FALSE
	EndGlobalSection
	GlobalSection(ExtensibilityGlobals) = postSolution
		SolutionGuid = {18FC94EC-5443-4D37-A5CD-59E63B7CF6F4}
	EndGlobalSection
EndGlobal
