
Microsoft Visual Studio Solution File, Format Version 12.00
# Visual Studio Version 16
VisualStudioVersion = 16.0.31424.327
MinimumVisualStudioVersion = 10.0.40219.1
Project("{9A19103F-16F7-4668-BE54-9A1E7A4F7556}") = "ThreeAmigosHealthServer", "ThreeAmigosHealthServer\ThreeAmigosHealthServer.csproj", "{523806C3-740F-49AA-892D-1EF49BEACD93}"
EndProject
Project("{9A19103F-16F7-4668-BE54-9A1E7A4F7556}") = "BusinessLogic", "..\..\Sprint2\Initial\ThreeAmigosHealth\BusinessLogic\BusinessLogic.csproj", "{06CA2F53-99B5-4D10-B4E5-F4797D4BEEAD}"
EndProject
Global
	GlobalSection(SolutionConfigurationPlatforms) = preSolution
		Debug|Any CPU = Debug|Any CPU
		Release|Any CPU = Release|Any CPU
	EndGlobalSection
	GlobalSection(ProjectConfigurationPlatforms) = postSolution
		{523806C3-740F-49AA-892D-1EF49BEACD93}.Debug|Any CPU.ActiveCfg = Debug|Any CPU
		{523806C3-740F-49AA-892D-1EF49BEACD93}.Debug|Any CPU.Build.0 = Debug|Any CPU
		{523806C3-740F-49AA-892D-1EF49BEACD93}.Release|Any CPU.ActiveCfg = Release|Any CPU
		{523806C3-740F-49AA-892D-1EF49BEACD93}.Release|Any CPU.Build.0 = Release|Any CPU
		{06CA2F53-99B5-4D10-B4E5-F4797D4BEEAD}.Debug|Any CPU.ActiveCfg = Debug|Any CPU
		{06CA2F53-99B5-4D10-B4E5-F4797D4BEEAD}.Debug|Any CPU.Build.0 = Debug|Any CPU
		{06CA2F53-99B5-4D10-B4E5-F4797D4BEEAD}.Release|Any CPU.ActiveCfg = Release|Any CPU
		{06CA2F53-99B5-4D10-B4E5-F4797D4BEEAD}.Release|Any CPU.Build.0 = Release|Any CPU
	EndGlobalSection
	GlobalSection(SolutionProperties) = preSolution
		HideSolutionNode = FALSE
	EndGlobalSection
	GlobalSection(ExtensibilityGlobals) = postSolution
		SolutionGuid = {A03D6CB7-6E91-4A51-9C50-D5D918898562}
	EndGlobalSection
EndGlobal
