
Microsoft Visual Studio Solution File, Format Version 12.00
# Visual Studio Version 16
VisualStudioVersion = 16.0.31424.327
MinimumVisualStudioVersion = 10.0.40219.1
Project("{9A19103F-16F7-4668-BE54-9A1E7A4F7556}") = "BusinessLogic", "BusinessLogic\BusinessLogic.csproj", "{588ADD0B-8729-4B4C-8AAD-865823478654}"
EndProject
Project("{2150E333-8FDC-42A3-9474-1A3956D46DE8}") = "Snippets", "Snippets", "{86B23620-BEB0-411D-9283-B6386B31B19E}"
	ProjectSection(SolutionItems) = preProject
		CronScheduleInfo.txt = CronScheduleInfo.txt
		ReceiveRequestLogic.txt = ReceiveRequestLogic.txt
		Sprint2.txt = Sprint2.txt
	EndProjectSection
EndProject
Project("{FAE04EC0-301F-11D3-BF4B-00C04F79EFBC}") = "ProviderTransferService", "ProviderTransferService\ProviderTransferService.csproj", "{1ECA457F-60F4-49CD-B5AA-97722AE45BE1}"
EndProject
Project("{FAE04EC0-301F-11D3-BF4B-00C04F79EFBC}") = "AutoApprovalService", "AutoApprovalService\AutoApprovalService.csproj", "{CE2B9DFD-7F15-4C6D-B692-D7CCEBF5D343}"
EndProject
Global
	GlobalSection(SolutionConfigurationPlatforms) = preSolution
		Debug|Any CPU = Debug|Any CPU
		Release|Any CPU = Release|Any CPU
	EndGlobalSection
	GlobalSection(ProjectConfigurationPlatforms) = postSolution
		{588ADD0B-8729-4B4C-8AAD-865823478654}.Debug|Any CPU.ActiveCfg = Debug|Any CPU
		{588ADD0B-8729-4B4C-8AAD-865823478654}.Debug|Any CPU.Build.0 = Debug|Any CPU
		{588ADD0B-8729-4B4C-8AAD-865823478654}.Release|Any CPU.ActiveCfg = Release|Any CPU
		{588ADD0B-8729-4B4C-8AAD-865823478654}.Release|Any CPU.Build.0 = Release|Any CPU
		{1ECA457F-60F4-49CD-B5AA-97722AE45BE1}.Debug|Any CPU.ActiveCfg = Debug|Any CPU
		{1ECA457F-60F4-49CD-B5AA-97722AE45BE1}.Debug|Any CPU.Build.0 = Debug|Any CPU
		{1ECA457F-60F4-49CD-B5AA-97722AE45BE1}.Release|Any CPU.ActiveCfg = Release|Any CPU
		{1ECA457F-60F4-49CD-B5AA-97722AE45BE1}.Release|Any CPU.Build.0 = Release|Any CPU
		{CE2B9DFD-7F15-4C6D-B692-D7CCEBF5D343}.Debug|Any CPU.ActiveCfg = Debug|Any CPU
		{CE2B9DFD-7F15-4C6D-B692-D7CCEBF5D343}.Debug|Any CPU.Build.0 = Debug|Any CPU
		{CE2B9DFD-7F15-4C6D-B692-D7CCEBF5D343}.Release|Any CPU.ActiveCfg = Release|Any CPU
		{CE2B9DFD-7F15-4C6D-B692-D7CCEBF5D343}.Release|Any CPU.Build.0 = Release|Any CPU
	EndGlobalSection
	GlobalSection(SolutionProperties) = preSolution
		HideSolutionNode = FALSE
	EndGlobalSection
	GlobalSection(ExtensibilityGlobals) = postSolution
		SolutionGuid = {14C1A0B5-D152-464F-AF1A-81DA08E002DD}
	EndGlobalSection
EndGlobal
